<?xml version="1.0" encoding="utf-8"?>
<Project ToolsVersion="4.0" xmlns="http://schemas.microsoft.com/developer/msbuild/2003">
  <ItemGroup>
    <Filter Include="Source Files">
      <UniqueIdentifier>{4FC737F1-C7A5-4376-A066-2A32D752A2FF}</UniqueIdentifier>
      <Extensions>cpp;cxx;c;def</Extensions>
    </Filter>
    <Filter Include="Header Files">
      <UniqueIdentifier>{93995380-89BD-4b04-88EB-625FBE52EBFB}</UniqueIdentifier>
      <Extensions>h</Extensions>
    </Filter>
    <Filter Include="Form Files">
      <UniqueIdentifier>{99349809-55BA-4b9d-BF79-8FDBB0286EB3}</UniqueIdentifier>
      <Extensions>ui</Extensions>
    </Filter>
    <Filter Include="Resource Files">
      <UniqueIdentifier>{D9D6E242-F8AF-46E4-B9FD-80ECBC20BA3E}</UniqueIdentifier>
      <Extensions>qrc;*</Extensions>
      <ParseFiles>false</ParseFiles>
    </Filter>
    <Filter Include="Generated Files">
      <UniqueIdentifier>{71ED8ED8-ACB9-4CE9-BBE1-E00B30144E11}</UniqueIdentifier>
      <Extensions>moc;h;cpp</Extensions>
      <SourceControlFiles>False</SourceControlFiles>
    </Filter>
    <Filter Include="Generated Files\Debug">
      <UniqueIdentifier>{25ac5c00-7237-465b-8fca-2339942f41cc}</UniqueIdentifier>
      <Extensions>cpp;moc</Extensions>
      <SourceControlFiles>False</SourceControlFiles>
    </Filter>
    <Filter Include="Generated Files\Release">
      <UniqueIdentifier>{de2a16f3-af98-4bd3-85cb-f7ee53980f80}</UniqueIdentifier>
      <Extensions>cpp;moc</Extensions>
      <SourceControlFiles>False</SourceControlFiles>
    </Filter>
    <Filter Include="Animation">
      <UniqueIdentifier>{afe47f1f-a6d3-45df-b9f6-d94b87a65277}</UniqueIdentifier>
    </Filter>
    <Filter Include="Composition">
      <UniqueIdentifier>{884eeb11-0da2-4d6e-90ca-339170e9fda8}</UniqueIdentifier>
    </Filter>
    <Filter Include="Scene">
      <UniqueIdentifier>{bee294cc-d04d-4ef7-9ec0-cfb9c4dc66a8}</UniqueIdentifier>
    </Filter>
    <Filter Include="Sprite">
      <UniqueIdentifier>{3ccc8273-e950-4dff-b71a-172e33c15f35}</UniqueIdentifier>
    </Filter>
    <Filter Include="TreeModel">
      <UniqueIdentifier>{50e53c3c-a3ae-436e-9bc3-ef3500b5b0e6}</UniqueIdentifier>
    </Filter>
    <Filter Include="Commands">
      <UniqueIdentifier>{ef517e2f-7612-49cc-a156-e312d9a0c6f8}</UniqueIdentifier>
    </Filter>
    <Filter Include="Commands\Animation">
      <UniqueIdentifier>{2ad42ef4-915a-440a-8c6e-669154b450cd}</UniqueIdentifier>
    </Filter>
    <Filter Include="Commands\Composition">
      <UniqueIdentifier>{e775544a-176d-4072-b723-b58841a5bef1}</UniqueIdentifier>
    </Filter>
    <Filter Include="Commands\Sprite">
      <UniqueIdentifier>{f672ff1b-7359-4050-9792-8b5af8168409}</UniqueIdentifier>
    </Filter>
    <Filter Include="Utils">
      <UniqueIdentifier>{c0f3ebbc-efab-4e5d-a84e-adc0ebb55a4f}</UniqueIdentifier>
    </Filter>
  </ItemGroup>
  <ItemGroup>
    <ClCompile Include="GeneratedFiles\qrc_composer.cpp">
      <Filter>Generated Files</Filter>
    </ClCompile>
    <ClCompile Include="..\..\src\DialogAbout.cpp">
      <Filter>Source Files</Filter>
    </ClCompile>
    <ClCompile Include="..\..\src\Frame.cpp">
      <Filter>Source Files</Filter>
    </ClCompile>
    <ClCompile Include="..\..\src\main.cpp">
      <Filter>Source Files</Filter>
    </ClCompile>
    <ClCompile Include="..\..\src\MainWindow.cpp">
      <Filter>Source Files</Filter>
    </ClCompile>
    <ClCompile Include="..\..\src\OptionsDialog.cpp">
      <Filter>Source Files</Filter>
    </ClCompile>
    <ClCompile Include="..\..\src\Picture.cpp">
      <Filter>Source Files</Filter>
    </ClCompile>
    <ClCompile Include="..\..\src\Project.cpp">
      <Filter>Source Files</Filter>
    </ClCompile>
    <ClCompile Include="..\..\src\QMainWindowEx.cpp">
      <Filter>Source Files</Filter>
    </ClCompile>
    <ClCompile Include="..\..\src\SpinBox.cpp">
      <Filter>Source Files</Filter>
    </ClCompile>
    <ClCompile Include="..\..\src\stdafx.cpp">
      <Filter>Source Files</Filter>
    </ClCompile>
    <ClCompile Include="GeneratedFiles\Debug\moc_MainWindow.cpp">
      <Filter>Generated Files\Debug</Filter>
    </ClCompile>
    <ClCompile Include="GeneratedFiles\Release\moc_MainWindow.cpp">
      <Filter>Generated Files\Release</Filter>
    </ClCompile>
    <ClCompile Include="GeneratedFiles\Debug\moc_QMainWindowEx.cpp">
      <Filter>Generated Files\Debug</Filter>
    </ClCompile>
    <ClCompile Include="GeneratedFiles\Release\moc_QMainWindowEx.cpp">
      <Filter>Generated Files\Release</Filter>
    </ClCompile>
    <ClCompile Include="GeneratedFiles\Debug\moc_GraphicsScene.cpp">
      <Filter>Generated Files\Debug</Filter>
    </ClCompile>
    <ClCompile Include="GeneratedFiles\Release\moc_GraphicsScene.cpp">
      <Filter>Generated Files\Release</Filter>
    </ClCompile>
    <ClCompile Include="..\..\src\Scene\GraphicsView.cpp">
      <Filter>Scene</Filter>
    </ClCompile>
    <ClCompile Include="GeneratedFiles\Debug\moc_GraphicsView.cpp">
      <Filter>Generated Files\Debug</Filter>
    </ClCompile>
    <ClCompile Include="GeneratedFiles\Release\moc_GraphicsView.cpp">
      <Filter>Generated Files\Release</Filter>
    </ClCompile>
    <ClCompile Include="..\..\src\Scene\WidgetRuler.cpp">
      <Filter>Scene</Filter>
    </ClCompile>
    <ClCompile Include="GeneratedFiles\Debug\moc_WidgetRuler.cpp">
      <Filter>Generated Files\Debug</Filter>
    </ClCompile>
    <ClCompile Include="GeneratedFiles\Release\moc_WidgetRuler.cpp">
      <Filter>Generated Files\Release</Filter>
    </ClCompile>
    <ClCompile Include="..\..\src\Scene\GraphicsItemPic.cpp">
      <Filter>Scene</Filter>
    </ClCompile>
    <ClCompile Include="..\..\src\Scene\GraphicsScene.cpp">
      <Filter>Scene</Filter>
    </ClCompile>
    <ClCompile Include="..\..\src\Sprite\Sprite.cpp">
      <Filter>Sprite</Filter>
    </ClCompile>
    <ClCompile Include="..\..\src\Sprite\SpriteFolder.cpp">
      <Filter>Sprite</Filter>
    </ClCompile>
    <ClCompile Include="GeneratedFiles\Debug\moc_TreeItemModel.cpp">
      <Filter>Generated Files\Debug</Filter>
    </ClCompile>
    <ClCompile Include="GeneratedFiles\Release\moc_TreeItemModel.cpp">
      <Filter>Generated Files\Release</Filter>
    </ClCompile>
    <ClCompile Include="..\..\src\TreeModel\TreeNode.cpp">
      <Filter>TreeModel</Filter>
    </ClCompile>
    <ClCompile Include="..\..\src\TreeModel\TreeItemModel.cpp">
      <Filter>TreeModel</Filter>
    </ClCompile>
    <ClCompile Include="..\..\src\Animation\AnimationView.cpp">
      <Filter>Animation</Filter>
    </ClCompile>
    <ClCompile Include="GeneratedFiles\Debug\moc_AnimationView.cpp">
      <Filter>Generated Files\Debug</Filter>
    </ClCompile>
    <ClCompile Include="GeneratedFiles\Release\moc_AnimationView.cpp">
      <Filter>Generated Files\Release</Filter>
    </ClCompile>
    <ClCompile Include="..\..\src\Animation\AnimationViewDelegate.cpp">
      <Filter>Animation</Filter>
    </ClCompile>
    <ClCompile Include="..\..\src\Composition\CompositionView.cpp">
      <Filter>Composition</Filter>
    </ClCompile>
    <ClCompile Include="GeneratedFiles\Debug\moc_CompositionView.cpp">
      <Filter>Generated Files\Debug</Filter>
    </ClCompile>
    <ClCompile Include="GeneratedFiles\Release\moc_CompositionView.cpp">
      <Filter>Generated Files\Release</Filter>
    </ClCompile>
    <ClCompile Include="..\..\src\Composition\CompositionViewDelegate.cpp">
      <Filter>Composition</Filter>
    </ClCompile>
    <ClCompile Include="..\..\src\Sprite\SpriteView.cpp">
      <Filter>Sprite</Filter>
    </ClCompile>
    <ClCompile Include="GeneratedFiles\Debug\moc_SpriteView.cpp">
      <Filter>Generated Files\Debug</Filter>
    </ClCompile>
    <ClCompile Include="GeneratedFiles\Release\moc_SpriteView.cpp">
      <Filter>Generated Files\Release</Filter>
    </ClCompile>
    <ClCompile Include="..\..\src\Scene\PicturePool.cpp">
      <Filter>Scene</Filter>
    </ClCompile>
    <ClCompile Include="..\..\src\ProjectData.cpp">
      <Filter>Source Files</Filter>
    </ClCompile>
    <ClCompile Include="GeneratedFiles\Debug\moc_Project.cpp">
      <Filter>Generated Files\Debug</Filter>
    </ClCompile>
    <ClCompile Include="GeneratedFiles\Release\moc_Project.cpp">
      <Filter>Generated Files\Release</Filter>
    </ClCompile>
    <ClCompile Include="..\..\src\Animation\AnimationModel.cpp">
      <Filter>Animation</Filter>
    </ClCompile>
    <ClCompile Include="GeneratedFiles\Debug\moc_AnimationModel.cpp">
      <Filter>Generated Files\Debug</Filter>
    </ClCompile>
    <ClCompile Include="GeneratedFiles\Release\moc_AnimationModel.cpp">
      <Filter>Generated Files\Release</Filter>
    </ClCompile>
    <ClCompile Include="GeneratedFiles\Debug\moc_CompositionModel.cpp">
      <Filter>Generated Files\Debug</Filter>
    </ClCompile>
    <ClCompile Include="GeneratedFiles\Release\moc_CompositionModel.cpp">
      <Filter>Generated Files\Release</Filter>
    </ClCompile>
    <ClCompile Include="..\..\src\Composition\CompositionModel.cpp">
      <Filter>Composition</Filter>
    </ClCompile>
    <ClCompile Include="GeneratedFiles\Debug\moc_SpriteModel.cpp">
      <Filter>Generated Files\Debug</Filter>
    </ClCompile>
    <ClCompile Include="GeneratedFiles\Release\moc_SpriteModel.cpp">
      <Filter>Generated Files\Release</Filter>
    </ClCompile>
    <ClCompile Include="..\..\src\Sprite\SpriteModel.cpp">
      <Filter>Sprite</Filter>
    </ClCompile>
    <ClCompile Include="..\..\src\SpriteMoveDialog.cpp">
      <Filter>Source Files</Filter>
    </ClCompile>
    <ClCompile Include="..\..\src\IntervalSorter.cpp">
      <Filter>Source Files</Filter>
    </ClCompile>
    <ClCompile Include="..\..\src\Commands\Animation\AnimationDelFramesCommand.cpp">
      <Filter>Commands\Animation</Filter>
    </ClCompile>
    <ClCompile Include="..\..\src\Commands\Animation\AnimationDragDropCommand.cpp">
      <Filter>Commands\Animation</Filter>
    </ClCompile>
    <ClCompile Include="..\..\src\Commands\Animation\AnimationInsertFrameCommand.cpp">
      <Filter>Commands\Animation</Filter>
    </ClCompile>
    <ClCompile Include="..\..\src\Commands\Animation\AnimationMoveAllCommand.cpp">
      <Filter>Commands\Animation</Filter>
    </ClCompile>
    <ClCompile Include="..\..\src\Commands\Animation\AnimationReverseCommand.cpp">
      <Filter>Commands\Animation</Filter>
    </ClCompile>
    <ClCompile Include="..\..\src\Commands\Animation\AnimationBaseCommand.cpp">
      <Filter>Commands\Animation</Filter>
    </ClCompile>
    <ClCompile Include="..\..\src\Commands\Animation\AnimationCompressCommand.cpp">
      <Filter>Commands\Animation</Filter>
    </ClCompile>
    <ClCompile Include="..\..\src\Commands\Composition\CompositionDragDropCommand.cpp">
      <Filter>Commands\Composition</Filter>
    </ClCompile>
    <ClCompile Include="..\..\src\Commands\Composition\CompositionDropPicturesCommand.cpp">
      <Filter>Commands\Composition</Filter>
    </ClCompile>
    <ClCompile Include="..\..\src\Commands\Composition\CompositionBaseCommand.cpp">
      <Filter>Commands\Composition</Filter>
    </ClCompile>
    <ClCompile Include="..\..\src\Commands\Composition\CompositionDeletePicturesCommand.cpp">
      <Filter>Commands\Composition</Filter>
    </ClCompile>
    <ClCompile Include="..\..\src\Commands\Sprite\SpriteDragDropCommand.cpp">
      <Filter>Commands\Sprite</Filter>
    </ClCompile>
    <ClCompile Include="..\..\src\Commands\Sprite\SpriteRenameCommand.cpp">
      <Filter>Commands\Sprite</Filter>
    </ClCompile>
    <ClCompile Include="..\..\src\Commands\Sprite\SpritesDeleteNodeCommand.cpp">
      <Filter>Commands\Sprite</Filter>
    </ClCompile>
    <ClCompile Include="..\..\src\Commands\Sprite\SpriteAddNodeCommand.cpp">
      <Filter>Commands\Sprite</Filter>
    </ClCompile>
    <ClCompile Include="..\..\src\Commands\Sprite\SpriteBaseExCommand.cpp">
      <Filter>Commands\Sprite</Filter>
    </ClCompile>
    <ClCompile Include="..\..\src\Commands\Composition\CompositionMovePictures.cpp">
      <Filter>Commands\Composition</Filter>
    </ClCompile>
    <ClCompile Include="..\..\src\Commands\Composition\CompositionTriggerPicsVisible.cpp">
      <Filter>Commands\Composition</Filter>
    </ClCompile>
    <ClCompile Include="..\..\src\Commands\Animation\AnimationChangeFrameDurationCommand.cpp">
      <Filter>Commands\Animation</Filter>
    </ClCompile>
    <ClCompile Include="..\..\src\Commands\Animation\AnimationChangeTagCommand.cpp">
      <Filter>Commands\Animation</Filter>
    </ClCompile>
  </ItemGroup>
  <ItemGroup>
    <CustomBuild Include="..\..\src\FormFiles\DialogAbout.ui">
      <Filter>Form Files</Filter>
    </CustomBuild>
    <CustomBuild Include="..\..\src\FormFiles\options.ui">
      <Filter>Form Files</Filter>
    </CustomBuild>
    <CustomBuild Include="..\..\src\FormFiles\composer.ui">
      <Filter>Form Files</Filter>
    </CustomBuild>
    <CustomBuild Include="..\..\src\FormFiles\composer.qrc">
      <Filter>Resource Files</Filter>
    </CustomBuild>
    <CustomBuild Include="..\..\src\MainWindow.h">
      <Filter>Header Files</Filter>
    </CustomBuild>
    <CustomBuild Include="..\..\src\QMainWindowEx.h">
      <Filter>Header Files</Filter>
    </CustomBuild>
    <CustomBuild Include="..\..\src\Scene\GraphicsScene.h">
      <Filter>Scene</Filter>
    </CustomBuild>
    <CustomBuild Include="..\..\src\Scene\GraphicsView.h">
      <Filter>Scene</Filter>
    </CustomBuild>
    <CustomBuild Include="..\..\src\Scene\WidgetRuler.h">
      <Filter>Scene</Filter>
    </CustomBuild>
    <CustomBuild Include="..\..\src\TreeModel\TreeItemModel.h">
      <Filter>TreeModel</Filter>
    </CustomBuild>
    <CustomBuild Include="..\..\src\Animation\AnimationView.h">
      <Filter>Animation</Filter>
    </CustomBuild>
    <CustomBuild Include="..\..\src\Composition\CompositionView.h">
      <Filter>Composition</Filter>
    </CustomBuild>
    <CustomBuild Include="..\..\src\Sprite\SpriteView.h">
      <Filter>Sprite</Filter>
    </CustomBuild>
    <CustomBuild Include="..\..\src\Project.h">
      <Filter>Header Files</Filter>
    </CustomBuild>
    <CustomBuild Include="..\..\src\Animation\AnimationModel.h">
      <Filter>Animation</Filter>
    </CustomBuild>
    <CustomBuild Include="..\..\src\Composition\CompositionModel.h">
      <Filter>Composition</Filter>
    </CustomBuild>
    <CustomBuild Include="..\..\src\Sprite\SpriteModel.h">
      <Filter>Sprite</Filter>
    </CustomBuild>
    <CustomBuild Include="..\..\src\FormFiles\SpriteMoveDialog.ui">
      <Filter>Form Files</Filter>
    </CustomBuild>
    <CustomBuild Include="..\..\src\SpriteMoveDialog.h">
      <Filter>Header Files</Filter>
    </CustomBuild>
    <CustomBuild Include="..\..\src\DialogAbout.h">
      <Filter>Header Files</Filter>
    </CustomBuild>
    <CustomBuild Include="..\..\src\Frame.h">
      <Filter>Header Files</Filter>
    </CustomBuild>
    <CustomBuild Include="..\..\src\OptionsDialog.h">
      <Filter>Header Files</Filter>
    </CustomBuild>
    <CustomBuild Include="..\..\src\Picture.h">
      <Filter>Header Files</Filter>
    </CustomBuild>
    <CustomBuild Include="..\..\src\ProjectData.h">
      <Filter>Header Files</Filter>
    </CustomBuild>
    <CustomBuild Include="..\..\src\SpinBox.h">
      <Filter>Header Files</Filter>
    </CustomBuild>
    <CustomBuild Include="..\..\src\stdafx.h">
      <Filter>Header Files</Filter>
    </CustomBuild>
    <CustomBuild Include="..\..\src\TreeModel\TreeNode.h">
      <Filter>TreeModel</Filter>
    </CustomBuild>
    <CustomBuild Include="..\..\src\Sprite\Sprite.h">
      <Filter>Sprite</Filter>
    </CustomBuild>
    <CustomBuild Include="..\..\src\Animation\AnimationViewDelegate.h">
      <Filter>Animation</Filter>
    </CustomBuild>
    <CustomBuild Include="..\..\src\Composition\CompositionViewDelegate.h">
      <Filter>Composition</Filter>
    </CustomBuild>
    <CustomBuild Include="..\..\src\Sprite\SpriteFolder.h">
      <Filter>Sprite</Filter>
    </CustomBuild>
    <CustomBuild Include="..\..\src\Scene\GraphicsItemPic.h">
      <Filter>Scene</Filter>
    </CustomBuild>
    <CustomBuild Include="..\..\src\Scene\PicturePool.h">
      <Filter>Scene</Filter>
    </CustomBuild>
    <CustomBuild Include="GeneratedFiles\ui_composer.h">
      <Filter>Generated Files</Filter>
    </CustomBuild>
    <CustomBuild Include="GeneratedFiles\ui_DialogAbout.h">
      <Filter>Generated Files</Filter>
    </CustomBuild>
    <CustomBuild Include="GeneratedFiles\ui_options.h">
      <Filter>Generated Files</Filter>
    </CustomBuild>
    <CustomBuild Include="GeneratedFiles\ui_SpriteMoveDialog.h">
      <Filter>Generated Files</Filter>
    </CustomBuild>
  </ItemGroup>
  <ItemGroup>
    <ResourceCompile Include="composer.rc" />
  </ItemGroup>
  <ItemGroup>
    <ClInclude Include="..\..\src\IntervalSorter.h">
      <Filter>Header Files</Filter>
    </ClInclude>
    <ClInclude Include="..\..\src\CommandEnv.h">
      <Filter>Header Files</Filter>
    </ClInclude>
    <ClInclude Include="..\..\src\Commands\BaseCommand.h">
      <Filter>Commands</Filter>
    </ClInclude>
    <ClInclude Include="..\..\src\Commands\Animation\AnimationCompressCommand.h">
      <Filter>Commands\Animation</Filter>
    </ClInclude>
    <ClInclude Include="..\..\src\Commands\Animation\AnimationDelFramesCommand.h">
      <Filter>Commands\Animation</Filter>
    </ClInclude>
    <ClInclude Include="..\..\src\Commands\Animation\AnimationDragDropCommand.h">
      <Filter>Commands\Animation</Filter>
    </ClInclude>
    <ClInclude Include="..\..\src\Commands\Animation\AnimationInsertFrameCommand.h">
      <Filter>Commands\Animation</Filter>
    </ClInclude>
    <ClInclude Include="..\..\src\Commands\Animation\AnimationMoveAllCommand.h">
      <Filter>Commands\Animation</Filter>
    </ClInclude>
    <ClInclude Include="..\..\src\Commands\Animation\AnimationReverseCommand.h">
      <Filter>Commands\Animation</Filter>
    </ClInclude>
    <ClInclude Include="..\..\src\Commands\Animation\AnimationBaseCommand.h">
      <Filter>Commands\Animation</Filter>
    </ClInclude>
    <ClInclude Include="..\..\src\Commands\Composition\CompositionDragDropCommand.h">
      <Filter>Commands\Composition</Filter>
    </ClInclude>
    <ClInclude Include="..\..\src\Commands\Composition\CompositionDropPicturesCommand.h">
      <Filter>Commands\Composition</Filter>
    </ClInclude>
    <ClInclude Include="..\..\src\Commands\Composition\CompositionBaseCommand.h">
      <Filter>Commands\Composition</Filter>
    </ClInclude>
    <ClInclude Include="..\..\src\Commands\Composition\CompositionDeletePicturesCommand.h">
      <Filter>Commands\Composition</Filter>
    </ClInclude>
    <ClInclude Include="..\..\src\Commands\Sprite\SpriteBaseExCommand.h">
      <Filter>Commands\Sprite</Filter>
    </ClInclude>
    <ClInclude Include="..\..\src\Commands\Sprite\SpriteDragDropCommand.h">
      <Filter>Commands\Sprite</Filter>
    </ClInclude>
    <ClInclude Include="..\..\src\Commands\Sprite\SpriteRenameCommand.h">
      <Filter>Commands\Sprite</Filter>
    </ClInclude>
    <ClInclude Include="..\..\src\Commands\Sprite\SpritesDeleteNodeCommand.h">
      <Filter>Commands\Sprite</Filter>
    </ClInclude>
    <ClInclude Include="..\..\src\Commands\Sprite\SpriteAddNodeCommand.h">
      <Filter>Commands\Sprite</Filter>
    </ClInclude>
    <ClInclude Include="..\..\src\Commands\Composition\CompositionMovePictures.h">
      <Filter>Commands\Composition</Filter>
    </ClInclude>
    <ClInclude Include="..\..\src\Commands\Composition\CompositionTriggerPicsVisible.h">
      <Filter>Commands\Composition</Filter>
    </ClInclude>
    <ClInclude Include="..\..\src\Commands\Animation\AnimationChangeTagCommand.h">
      <Filter>Commands\Animation</Filter>
    </ClInclude>
    <ClInclude Include="..\..\src\Utils\ScopedBool.h">
      <Filter>Utils</Filter>
    </ClInclude>
    <ClInclude Include="..\..\src\Sprite\SpriteRoot.h">
      <Filter>Sprite</Filter>
    </ClInclude>
    <ClInclude Include="..\..\src\Commands\Animation\AnimationChangeFrameDurationCommand.h">
      <Filter>Commands\Animation</Filter>
    </ClInclude>
    <ClInclude Include="..\..\src\CommandEnvFabric.h">
      <Filter>Header Files</Filter>
    </ClInclude>
  </ItemGroup>
</Project>